// !$*UTF8*$!
{
	archiveVersion = 1;
	classes = {
	};
	objectVersion = 56;
	objects = {

/* Begin PBXBuildFile section */
		3F52211229CCE39A000229DD /* PDFPreview.swift in Sources */ = {isa = PBXBuildFile; fileRef = 3F52211129CCE39A000229DD /* PDFPreview.swift */; };
		3FA38CDF29CB16AA004E319B /* TypstApp.swift in Sources */ = {isa = PBXBuildFile; fileRef = 3FA38CDE29CB16AA004E319B /* TypstApp.swift */; };
		3FA38CE129CB16AA004E319B /* ContentView.swift in Sources */ = {isa = PBXBuildFile; fileRef = 3FA38CE029CB16AA004E319B /* ContentView.swift */; };
		3FA38CE329CB16AC004E319B /* Assets.xcassets in Resources */ = {isa = PBXBuildFile; fileRef = 3FA38CE229CB16AC004E319B /* Assets.xcassets */; };
		3FA38CE629CB16AC004E319B /* Preview Assets.xcassets in Resources */ = {isa = PBXBuildFile; fileRef = 3FA38CE529CB16AC004E319B /* Preview Assets.xcassets */; };
		3FA38CF129CB16AC004E319B /* TypstTests.swift in Sources */ = {isa = PBXBuildFile; fileRef = 3FA38CF029CB16AC004E319B /* TypstTests.swift */; };
		3FA38CFB29CB16AC004E319B /* TypstUITests.swift in Sources */ = {isa = PBXBuildFile; fileRef = 3FA38CFA29CB16AC004E319B /* TypstUITests.swift */; };
		3FA38CFD29CB16AC004E319B /* TypstUITestsLaunchTests.swift in Sources */ = {isa = PBXBuildFile; fileRef = 3FA38CFC29CB16AC004E319B /* TypstUITestsLaunchTests.swift */; };
		3FA38D0B29CB377A004E319B /* Libraries in Resources */ = {isa = PBXBuildFile; fileRef = 3FA38D0A29CB377A004E319B /* Libraries */; };
		3FA38D0E29CB378C004E319B /* libtypst_mac.dylib in Frameworks */ = {isa = PBXBuildFile; fileRef = 3FA38D0D29CB378C004E319B /* libtypst_mac.dylib */; };
		3FA38D0F29CB378C004E319B /* libtypst_mac.dylib in Embed Libraries */ = {isa = PBXBuildFile; fileRef = 3FA38D0D29CB378C004E319B /* libtypst_mac.dylib */; settings = {ATTRIBUTES = (CodeSignOnCopy, ); }; };
		3FA38D1729CB5A2B004E319B /* libtypst_mac.dylib in Resources */ = {isa = PBXBuildFile; fileRef = 3FA38D0D29CB378C004E319B /* libtypst_mac.dylib */; };
/* End PBXBuildFile section */

/* Begin PBXContainerItemProxy section */
		3FA38CED29CB16AC004E319B /* PBXContainerItemProxy */ = {
			isa = PBXContainerItemProxy;
			containerPortal = 3FA38CD329CB16AA004E319B /* Project object */;
			proxyType = 1;
			remoteGlobalIDString = 3FA38CDA29CB16AA004E319B;
			remoteInfo = Typst;
		};
		3FA38CF729CB16AC004E319B /* PBXContainerItemProxy */ = {
			isa = PBXContainerItemProxy;
			containerPortal = 3FA38CD329CB16AA004E319B /* Project object */;
			proxyType = 1;
			remoteGlobalIDString = 3FA38CDA29CB16AA004E319B;
			remoteInfo = Typst;
		};
/* End PBXContainerItemProxy section */

/* Begin PBXCopyFilesBuildPhase section */
		3FA38D1029CB378C004E319B /* Embed Libraries */ = {
			isa = PBXCopyFilesBuildPhase;
			buildActionMask = 2147483647;
			dstPath = "";
			dstSubfolderSpec = 10;
			files = (
				3FA38D0F29CB378C004E319B /* libtypst_mac.dylib in Embed Libraries */,
			);
			name = "Embed Libraries";
			runOnlyForDeploymentPostprocessing = 0;
		};
/* End PBXCopyFilesBuildPhase section */

/* Begin PBXFileReference section */
		3F52211129CCE39A000229DD /* PDFPreview.swift */ = {isa = PBXFileReference; lastKnownFileType = sourcecode.swift; path = PDFPreview.swift; sourceTree = "<group>"; };
		3FA38CDB29CB16AA004E319B /* Typst.app */ = {isa = PBXFileReference; explicitFileType = wrapper.application; includeInIndex = 0; path = Typst.app; sourceTree = BUILT_PRODUCTS_DIR; };
		3FA38CDE29CB16AA004E319B /* TypstApp.swift */ = {isa = PBXFileReference; lastKnownFileType = sourcecode.swift; path = TypstApp.swift; sourceTree = "<group>"; };
		3FA38CE029CB16AA004E319B /* ContentView.swift */ = {isa = PBXFileReference; lastKnownFileType = sourcecode.swift; path = ContentView.swift; sourceTree = "<group>"; };
		3FA38CE229CB16AC004E319B /* Assets.xcassets */ = {isa = PBXFileReference; lastKnownFileType = folder.assetcatalog; path = Assets.xcassets; sourceTree = "<group>"; };
		3FA38CE529CB16AC004E319B /* Preview Assets.xcassets */ = {isa = PBXFileReference; lastKnownFileType = folder.assetcatalog; path = "Preview Assets.xcassets"; sourceTree = "<group>"; };
		3FA38CE729CB16AC004E319B /* Typst.entitlements */ = {isa = PBXFileReference; lastKnownFileType = text.plist.entitlements; path = Typst.entitlements; sourceTree = "<group>"; };
		3FA38CEC29CB16AC004E319B /* TypstTests.xctest */ = {isa = PBXFileReference; explicitFileType = wrapper.cfbundle; includeInIndex = 0; path = TypstTests.xctest; sourceTree = BUILT_PRODUCTS_DIR; };
		3FA38CF029CB16AC004E319B /* TypstTests.swift */ = {isa = PBXFileReference; lastKnownFileType = sourcecode.swift; path = TypstTests.swift; sourceTree = "<group>"; };
		3FA38CF629CB16AC004E319B /* TypstUITests.xctest */ = {isa = PBXFileReference; explicitFileType = wrapper.cfbundle; includeInIndex = 0; path = TypstUITests.xctest; sourceTree = BUILT_PRODUCTS_DIR; };
		3FA38CFA29CB16AC004E319B /* TypstUITests.swift */ = {isa = PBXFileReference; lastKnownFileType = sourcecode.swift; path = TypstUITests.swift; sourceTree = "<group>"; };
		3FA38CFC29CB16AC004E319B /* TypstUITestsLaunchTests.swift */ = {isa = PBXFileReference; lastKnownFileType = sourcecode.swift; path = TypstUITestsLaunchTests.swift; sourceTree = "<group>"; };
		3FA38D0929CB185A004E319B /* BridgingHeader.h */ = {isa = PBXFileReference; fileEncoding = 4; lastKnownFileType = sourcecode.c.h; path = BridgingHeader.h; sourceTree = "<group>"; };
		3FA38D0A29CB377A004E319B /* Libraries */ = {isa = PBXFileReference; lastKnownFileType = folder; path = Libraries; sourceTree = "<group>"; };
		3FA38D0D29CB378C004E319B /* libtypst_mac.dylib */ = {isa = PBXFileReference; lastKnownFileType = "compiled.mach-o.dylib"; name = libtypst_mac.dylib; path = Libraries/libtypst_mac.dylib; sourceTree = "<group>"; };
		3FA38D1429CB3ACA004E319B /* src */ = {isa = PBXFileReference; lastKnownFileType = folder; name = src; path = ../src; sourceTree = "<group>"; };
		3FA38D1829CB8EB1004E319B /* RustTarget */ = {isa = PBXFileReference; lastKnownFileType = folder; path = RustTarget; sourceTree = "<group>"; };
/* End PBXFileReference section */

/* Begin PBXFrameworksBuildPhase section */
		3FA38CD829CB16AA004E319B /* Frameworks */ = {
			isa = PBXFrameworksBuildPhase;
			buildActionMask = 2147483647;
			files = (
				3FA38D0E29CB378C004E319B /* libtypst_mac.dylib in Frameworks */,
			);
			runOnlyForDeploymentPostprocessing = 0;
		};
		3FA38CE929CB16AC004E319B /* Frameworks */ = {
			isa = PBXFrameworksBuildPhase;
			buildActionMask = 2147483647;
			files = (
			);
			runOnlyForDeploymentPostprocessing = 0;
		};
		3FA38CF329CB16AC004E319B /* Frameworks */ = {
			isa = PBXFrameworksBuildPhase;
			buildActionMask = 2147483647;
			files = (
			);
			runOnlyForDeploymentPostprocessing = 0;
		};
/* End PBXFrameworksBuildPhase section */

/* Begin PBXGroup section */
		3FA38CD229CB16AA004E319B = {
			isa = PBXGroup;
			children = (
				3FA38D1829CB8EB1004E319B /* RustTarget */,
				3FA38D1429CB3ACA004E319B /* src */,
				3FA38D0A29CB377A004E319B /* Libraries */,
				3FA38D0929CB185A004E319B /* BridgingHeader.h */,
				3FA38CDD29CB16AA004E319B /* Typst */,
				3FA38CEF29CB16AC004E319B /* TypstTests */,
				3FA38CF929CB16AC004E319B /* TypstUITests */,
				3FA38CDC29CB16AA004E319B /* Products */,
				3FA38D0C29CB378C004E319B /* Frameworks */,
			);
			sourceTree = "<group>";
		};
		3FA38CDC29CB16AA004E319B /* Products */ = {
			isa = PBXGroup;
			children = (
				3FA38CDB29CB16AA004E319B /* Typst.app */,
				3FA38CEC29CB16AC004E319B /* TypstTests.xctest */,
				3FA38CF629CB16AC004E319B /* TypstUITests.xctest */,
			);
			name = Products;
			sourceTree = "<group>";
		};
		3FA38CDD29CB16AA004E319B /* Typst */ = {
			isa = PBXGroup;
			children = (
				3FA38CDE29CB16AA004E319B /* TypstApp.swift */,
				3FA38CE029CB16AA004E319B /* ContentView.swift */,
				3FA38CE229CB16AC004E319B /* Assets.xcassets */,
				3FA38CE729CB16AC004E319B /* Typst.entitlements */,
				3FA38CE429CB16AC004E319B /* Preview Content */,
				3F52211129CCE39A000229DD /* PDFPreview.swift */,
			);
			path = Typst;
			sourceTree = "<group>";
		};
		3FA38CE429CB16AC004E319B /* Preview Content */ = {
			isa = PBXGroup;
			children = (
				3FA38CE529CB16AC004E319B /* Preview Assets.xcassets */,
			);
			path = "Preview Content";
			sourceTree = "<group>";
		};
		3FA38CEF29CB16AC004E319B /* TypstTests */ = {
			isa = PBXGroup;
			children = (
				3FA38CF029CB16AC004E319B /* TypstTests.swift */,
			);
			path = TypstTests;
			sourceTree = "<group>";
		};
		3FA38CF929CB16AC004E319B /* TypstUITests */ = {
			isa = PBXGroup;
			children = (
				3FA38CFA29CB16AC004E319B /* TypstUITests.swift */,
				3FA38CFC29CB16AC004E319B /* TypstUITestsLaunchTests.swift */,
			);
			path = TypstUITests;
			sourceTree = "<group>";
		};
		3FA38D0C29CB378C004E319B /* Frameworks */ = {
			isa = PBXGroup;
			children = (
				3FA38D0D29CB378C004E319B /* libtypst_mac.dylib */,
			);
			name = Frameworks;
			sourceTree = "<group>";
		};
/* End PBXGroup section */

/* Begin PBXNativeTarget section */
		3FA38CDA29CB16AA004E319B /* Typst */ = {
			isa = PBXNativeTarget;
			buildConfigurationList = 3FA38D0029CB16AC004E319B /* Build configuration list for PBXNativeTarget "Typst" */;
			buildPhases = (
				3FA38CD729CB16AA004E319B /* Sources */,
				3FA38D1329CB393C004E319B /* ShellScript */,
				3FA38CD829CB16AA004E319B /* Frameworks */,
				3FA38CD929CB16AA004E319B /* Resources */,
				3FA38D1029CB378C004E319B /* Embed Libraries */,
			);
			buildRules = (
			);
			dependencies = (
			);
			name = Typst;
			productName = Typst;
			productReference = 3FA38CDB29CB16AA004E319B /* Typst.app */;
			productType = "com.apple.product-type.application";
		};
		3FA38CEB29CB16AC004E319B /* TypstTests */ = {
			isa = PBXNativeTarget;
			buildConfigurationList = 3FA38D0329CB16AC004E319B /* Build configuration list for PBXNativeTarget "TypstTests" */;
			buildPhases = (
				3FA38CE829CB16AC004E319B /* Sources */,
				3FA38CE929CB16AC004E319B /* Frameworks */,
				3FA38CEA29CB16AC004E319B /* Resources */,
			);
			buildRules = (
			);
			dependencies = (
				3FA38CEE29CB16AC004E319B /* PBXTargetDependency */,
			);
			name = TypstTests;
			productName = TypstTests;
			productReference = 3FA38CEC29CB16AC004E319B /* TypstTests.xctest */;
			productType = "com.apple.product-type.bundle.unit-test";
		};
		3FA38CF529CB16AC004E319B /* TypstUITests */ = {
			isa = PBXNativeTarget;
			buildConfigurationList = 3FA38D0629CB16AC004E319B /* Build configuration list for PBXNativeTarget "TypstUITests" */;
			buildPhases = (
				3FA38CF229CB16AC004E319B /* Sources */,
				3FA38CF329CB16AC004E319B /* Frameworks */,
				3FA38CF429CB16AC004E319B /* Resources */,
			);
			buildRules = (
			);
			dependencies = (
				3FA38CF829CB16AC004E319B /* PBXTargetDependency */,
			);
			name = TypstUITests;
			productName = TypstUITests;
			productReference = 3FA38CF629CB16AC004E319B /* TypstUITests.xctest */;
			productType = "com.apple.product-type.bundle.ui-testing";
		};
/* End PBXNativeTarget section */

/* Begin PBXProject section */
		3FA38CD329CB16AA004E319B /* Project object */ = {
			isa = PBXProject;
			attributes = {
				BuildIndependentTargetsInParallel = 1;
				LastSwiftUpdateCheck = 1420;
				LastUpgradeCheck = 1420;
				TargetAttributes = {
					3FA38CDA29CB16AA004E319B = {
						CreatedOnToolsVersion = 14.2;
					};
					3FA38CEB29CB16AC004E319B = {
						CreatedOnToolsVersion = 14.2;
						TestTargetID = 3FA38CDA29CB16AA004E319B;
					};
					3FA38CF529CB16AC004E319B = {
						CreatedOnToolsVersion = 14.2;
						TestTargetID = 3FA38CDA29CB16AA004E319B;
					};
				};
			};
			buildConfigurationList = 3FA38CD629CB16AA004E319B /* Build configuration list for PBXProject "Typst" */;
			compatibilityVersion = "Xcode 14.0";
			developmentRegion = en;
			hasScannedForEncodings = 0;
			knownRegions = (
				en,
				Base,
			);
			mainGroup = 3FA38CD229CB16AA004E319B;
			productRefGroup = 3FA38CDC29CB16AA004E319B /* Products */;
			projectDirPath = "";
			projectRoot = "";
			targets = (
				3FA38CDA29CB16AA004E319B /* Typst */,
				3FA38CEB29CB16AC004E319B /* TypstTests */,
				3FA38CF529CB16AC004E319B /* TypstUITests */,
			);
		};
/* End PBXProject section */

/* Begin PBXResourcesBuildPhase section */
		3FA38CD929CB16AA004E319B /* Resources */ = {
			isa = PBXResourcesBuildPhase;
			buildActionMask = 2147483647;
			files = (
				3FA38D1729CB5A2B004E319B /* libtypst_mac.dylib in Resources */,
				3FA38D0B29CB377A004E319B /* Libraries in Resources */,
				3FA38CE629CB16AC004E319B /* Preview Assets.xcassets in Resources */,
				3FA38CE329CB16AC004E319B /* Assets.xcassets in Resources */,
			);
			runOnlyForDeploymentPostprocessing = 0;
		};
		3FA38CEA29CB16AC004E319B /* Resources */ = {
			isa = PBXResourcesBuildPhase;
			buildActionMask = 2147483647;
			files = (
			);
			runOnlyForDeploymentPostprocessing = 0;
		};
		3FA38CF429CB16AC004E319B /* Resources */ = {
			isa = PBXResourcesBuildPhase;
			buildActionMask = 2147483647;
			files = (
			);
			runOnlyForDeploymentPostprocessing = 0;
		};
/* End PBXResourcesBuildPhase section */

/* Begin PBXShellScriptBuildPhase section */
		3FA38D1329CB393C004E319B /* ShellScript */ = {
			isa = PBXShellScriptBuildPhase;
			buildActionMask = 2147483647;
			dependencyFile = "$(PROJECT_DIR)/RustTarget/libtypst_mac.d";
			files = (
			);
			inputFileListPaths = (
			);
			inputPaths = (
			);
			outputFileListPaths = (
			);
			outputPaths = (
			);
			runOnlyForDeploymentPostprocessing = 0;
			shellPath = /bin/zsh;
			shellScript = "# Type a script or drag a script file from your workspace to insert its path.\n./carcify.sh\n\n";
		};
/* End PBXShellScriptBuildPhase section */

/* Begin PBXSourcesBuildPhase section */
		3FA38CD729CB16AA004E319B /* Sources */ = {
			isa = PBXSourcesBuildPhase;
			buildActionMask = 2147483647;
			files = (
				3FA38CE129CB16AA004E319B /* ContentView.swift in Sources */,
				3FA38CDF29CB16AA004E319B /* TypstApp.swift in Sources */,
				3F52211229CCE39A000229DD /* PDFPreview.swift in Sources */,
			);
			runOnlyForDeploymentPostprocessing = 0;
		};
		3FA38CE829CB16AC004E319B /* Sources */ = {
			isa = PBXSourcesBuildPhase;
			buildActionMask = 2147483647;
			files = (
				3FA38CF129CB16AC004E319B /* TypstTests.swift in Sources */,
			);
			runOnlyForDeploymentPostprocessing = 0;
		};
		3FA38CF229CB16AC004E319B /* Sources */ = {
			isa = PBXSourcesBuildPhase;
			buildActionMask = 2147483647;
			files = (
				3FA38CFB29CB16AC004E319B /* TypstUITests.swift in Sources */,
				3FA38CFD29CB16AC004E319B /* TypstUITestsLaunchTests.swift in Sources */,
			);
			runOnlyForDeploymentPostprocessing = 0;
		};
/* End PBXSourcesBuildPhase section */

/* Begin PBXTargetDependency section */
		3FA38CEE29CB16AC004E319B /* PBXTargetDependency */ = {
			isa = PBXTargetDependency;
			target = 3FA38CDA29CB16AA004E319B /* Typst */;
			targetProxy = 3FA38CED29CB16AC004E319B /* PBXContainerItemProxy */;
		};
		3FA38CF829CB16AC004E319B /* PBXTargetDependency */ = {
			isa = PBXTargetDependency;
			target = 3FA38CDA29CB16AA004E319B /* Typst */;
			targetProxy = 3FA38CF729CB16AC004E319B /* PBXContainerItemProxy */;
		};
/* End PBXTargetDependency section */

/* Begin XCBuildConfiguration section */
		3FA38CFE29CB16AC004E319B /* Debug */ = {
			isa = XCBuildConfiguration;
			buildSettings = {
				ALWAYS_SEARCH_USER_PATHS = NO;
				CLANG_ANALYZER_NONNULL = YES;
				CLANG_ANALYZER_NUMBER_OBJECT_CONVERSION = YES_AGGRESSIVE;
				CLANG_CXX_LANGUAGE_STANDARD = "gnu++20";
				CLANG_ENABLE_MODULES = YES;
				CLANG_ENABLE_OBJC_ARC = YES;
				CLANG_ENABLE_OBJC_WEAK = YES;
				CLANG_WARN_BLOCK_CAPTURE_AUTORELEASING = YES;
				CLANG_WARN_BOOL_CONVERSION = YES;
				CLANG_WARN_COMMA = YES;
				CLANG_WARN_CONSTANT_CONVERSION = YES;
				CLANG_WARN_DEPRECATED_OBJC_IMPLEMENTATIONS = YES;
				CLANG_WARN_DIRECT_OBJC_ISA_USAGE = YES_ERROR;
				CLANG_WARN_DOCUMENTATION_COMMENTS = YES;
				CLANG_WARN_EMPTY_BODY = YES;
				CLANG_WARN_ENUM_CONVERSION = YES;
				CLANG_WARN_INFINITE_RECURSION = YES;
				CLANG_WARN_INT_CONVERSION = YES;
				CLANG_WARN_NON_LITERAL_NULL_CONVERSION = YES;
				CLANG_WARN_OBJC_IMPLICIT_RETAIN_SELF = YES;
				CLANG_WARN_OBJC_LITERAL_CONVERSION = YES;
				CLANG_WARN_OBJC_ROOT_CLASS = YES_ERROR;
				CLANG_WARN_QUOTED_INCLUDE_IN_FRAMEWORK_HEADER = YES;
				CLANG_WARN_RANGE_LOOP_ANALYSIS = YES;
				CLANG_WARN_STRICT_PROTOTYPES = YES;
				CLANG_WARN_SUSPICIOUS_MOVE = YES;
				CLANG_WARN_UNGUARDED_AVAILABILITY = YES_AGGRESSIVE;
				CLANG_WARN_UNREACHABLE_CODE = YES;
				CLANG_WARN__DUPLICATE_METHOD_MATCH = YES;
				COPY_PHASE_STRIP = NO;
				DEBUG_INFORMATION_FORMAT = dwarf;
				ENABLE_STRICT_OBJC_MSGSEND = YES;
				ENABLE_TESTABILITY = YES;
				GCC_C_LANGUAGE_STANDARD = gnu11;
				GCC_DYNAMIC_NO_PIC = NO;
				GCC_NO_COMMON_BLOCKS = YES;
				GCC_OPTIMIZATION_LEVEL = 0;
				GCC_PREPROCESSOR_DEFINITIONS = (
					"DEBUG=1",
					"$(inherited)",
				);
				GCC_WARN_64_TO_32_BIT_CONVERSION = YES;
				GCC_WARN_ABOUT_RETURN_TYPE = YES_ERROR;
				GCC_WARN_UNDECLARED_SELECTOR = YES;
				GCC_WARN_UNINITIALIZED_AUTOS = YES_AGGRESSIVE;
				GCC_WARN_UNUSED_FUNCTION = YES;
				GCC_WARN_UNUSED_VARIABLE = YES;
				LIBRARY_SEARCH_PATHS = "\"$(SRCROOT)/Libraries\"";
				MACOSX_DEPLOYMENT_TARGET = 13.1;
				MTL_ENABLE_DEBUG_INFO = INCLUDE_SOURCE;
				MTL_FAST_MATH = YES;
				ONLY_ACTIVE_ARCH = YES;
				SDKROOT = macosx;
				SWIFT_ACTIVE_COMPILATION_CONDITIONS = DEBUG;
				"SWIFT_OBJC_BRIDGING_HEADER[arch=*]" = BridgingHeader.h;
				SWIFT_OPTIMIZATION_LEVEL = "-Onone";
			};
			name = Debug;
		};
		3FA38CFF29CB16AC004E319B /* Release */ = {
			isa = XCBuildConfiguration;
			buildSettings = {
				ALWAYS_SEARCH_USER_PATHS = NO;
				CLANG_ANALYZER_NONNULL = YES;
				CLANG_ANALYZER_NUMBER_OBJECT_CONVERSION = YES_AGGRESSIVE;
				CLANG_CXX_LANGUAGE_STANDARD = "gnu++20";
				CLANG_ENABLE_MODULES = YES;
				CLANG_ENABLE_OBJC_ARC = YES;
				CLANG_ENABLE_OBJC_WEAK = YES;
				CLANG_WARN_BLOCK_CAPTURE_AUTORELEASING = YES;
				CLANG_WARN_BOOL_CONVERSION = YES;
				CLANG_WARN_COMMA = YES;
				CLANG_WARN_CONSTANT_CONVERSION = YES;
				CLANG_WARN_DEPRECATED_OBJC_IMPLEMENTATIONS = YES;
				CLANG_WARN_DIRECT_OBJC_ISA_USAGE = YES_ERROR;
				CLANG_WARN_DOCUMENTATION_COMMENTS = YES;
				CLANG_WARN_EMPTY_BODY = YES;
				CLANG_WARN_ENUM_CONVERSION = YES;
				CLANG_WARN_INFINITE_RECURSION = YES;
				CLANG_WARN_INT_CONVERSION = YES;
				CLANG_WARN_NON_LITERAL_NULL_CONVERSION = YES;
				CLANG_WARN_OBJC_IMPLICIT_RETAIN_SELF = YES;
				CLANG_WARN_OBJC_LITERAL_CONVERSION = YES;
				CLANG_WARN_OBJC_ROOT_CLASS = YES_ERROR;
				CLANG_WARN_QUOTED_INCLUDE_IN_FRAMEWORK_HEADER = YES;
				CLANG_WARN_RANGE_LOOP_ANALYSIS = YES;
				CLANG_WARN_STRICT_PROTOTYPES = YES;
				CLANG_WARN_SUSPICIOUS_MOVE = YES;
				CLANG_WARN_UNGUARDED_AVAILABILITY = YES_AGGRESSIVE;
				CLANG_WARN_UNREACHABLE_CODE = YES;
				CLANG_WARN__DUPLICATE_METHOD_MATCH = YES;
				COPY_PHASE_STRIP = NO;
				DEBUG_INFORMATION_FORMAT = "dwarf-with-dsym";
				ENABLE_NS_ASSERTIONS = NO;
				ENABLE_STRICT_OBJC_MSGSEND = YES;
				GCC_C_LANGUAGE_STANDARD = gnu11;
				GCC_NO_COMMON_BLOCKS = YES;
				GCC_WARN_64_TO_32_BIT_CONVERSION = YES;
				GCC_WARN_ABOUT_RETURN_TYPE = YES_ERROR;
				GCC_WARN_UNDECLARED_SELECTOR = YES;
				GCC_WARN_UNINITIALIZED_AUTOS = YES_AGGRESSIVE;
				GCC_WARN_UNUSED_FUNCTION = YES;
				GCC_WARN_UNUSED_VARIABLE = YES;
				LIBRARY_SEARCH_PATHS = "\"$(SRCROOT)/Libraries\"";
				MACOSX_DEPLOYMENT_TARGET = 13.1;
				MTL_ENABLE_DEBUG_INFO = NO;
				MTL_FAST_MATH = YES;
				SDKROOT = macosx;
				SWIFT_COMPILATION_MODE = wholemodule;
				"SWIFT_OBJC_BRIDGING_HEADER[arch=*]" = BridgingHeader.h;
				SWIFT_OPTIMIZATION_LEVEL = "-O";
			};
			name = Release;
		};
		3FA38D0129CB16AC004E319B /* Debug */ = {
			isa = XCBuildConfiguration;
			buildSettings = {
				ASSETCATALOG_COMPILER_APPICON_NAME = AppIcon;
				ASSETCATALOG_COMPILER_GLOBAL_ACCENT_COLOR_NAME = AccentColor;
				CODE_SIGN_ENTITLEMENTS = Typst/Typst.entitlements;
				CODE_SIGN_IDENTITY = "Apple Development";
				CODE_SIGN_STYLE = Automatic;
				COMBINE_HIDPI_IMAGES = YES;
				CURRENT_PROJECT_VERSION = 1;
				DEVELOPMENT_ASSET_PATHS = "\"Typst/Preview Content\"";
				DEVELOPMENT_TEAM = 72ZL2MVL6C;
				ENABLE_HARDENED_RUNTIME = YES;
				ENABLE_PREVIEWS = YES;
				GENERATE_INFOPLIST_FILE = YES;
				INFOPLIST_KEY_NSHumanReadableCopyright = "";
				LD_RUNPATH_SEARCH_PATHS = (
					"$(inherited)",
					"@executable_path/../Frameworks",
				);
				LIBRARY_SEARCH_PATHS = (
					"$(inherited)",
					"$(PROJECT_DIR)/Libraries",
				);
				MARKETING_VERSION = 1.0;
				PRODUCT_BUNDLE_IDENTIFIER = com.rutins.Typst;
				PRODUCT_NAME = "$(TARGET_NAME)";
				SWIFT_EMIT_LOC_STRINGS = YES;
				SWIFT_VERSION = 5.0;
			};
			name = Debug;
		};
		3FA38D0229CB16AC004E319B /* Release */ = {
			isa = XCBuildConfiguration;
			buildSettings = {
				ASSETCATALOG_COMPILER_APPICON_NAME = AppIcon;
				ASSETCATALOG_COMPILER_GLOBAL_ACCENT_COLOR_NAME = AccentColor;
				CODE_SIGN_ENTITLEMENTS = Typst/Typst.entitlements;
				CODE_SIGN_IDENTITY = "Apple Development";
				CODE_SIGN_STYLE = Automatic;
				COMBINE_HIDPI_IMAGES = YES;
				CURRENT_PROJECT_VERSION = 1;
				DEVELOPMENT_ASSET_PATHS = "\"Typst/Preview Content\"";
				DEVELOPMENT_TEAM = 72ZL2MVL6C;
				ENABLE_HARDENED_RUNTIME = YES;
				ENABLE_PREVIEWS = YES;
				GENERATE_INFOPLIST_FILE = YES;
				INFOPLIST_KEY_NSHumanReadableCopyright = "";
				LD_RUNPATH_SEARCH_PATHS = (
					"$(inherited)",
					"@executable_path/../Frameworks",
				);
				LIBRARY_SEARCH_PATHS = (
					"$(inherited)",
					"$(PROJECT_DIR)/Libraries",
				);
				MARKETING_VERSION = 1.0;
				PRODUCT_BUNDLE_IDENTIFIER = com.rutins.Typst;
				PRODUCT_NAME = "$(TARGET_NAME)";
				SWIFT_EMIT_LOC_STRINGS = YES;
				SWIFT_VERSION = 5.0;
			};
			name = Release;
		};
		3FA38D0429CB16AC004E319B /* Debug */ = {
			isa = XCBuildConfiguration;
			buildSettings = {
				ALWAYS_EMBED_SWIFT_STANDARD_LIBRARIES = YES;
				BUNDLE_LOADER = "$(TEST_HOST)";
				CODE_SIGN_STYLE = Automatic;
				CURRENT_PROJECT_VERSION = 1;
				DEVELOPMENT_TEAM = 72ZL2MVL6C;
				GENERATE_INFOPLIST_FILE = YES;
				MACOSX_DEPLOYMENT_TARGET = 13.1;
				MARKETING_VERSION = 1.0;
				PRODUCT_BUNDLE_IDENTIFIER = com.rutins.TypstTests;
				PRODUCT_NAME = "$(TARGET_NAME)";
				SWIFT_EMIT_LOC_STRINGS = NO;
				SWIFT_VERSION = 5.0;
				TEST_HOST = "$(BUILT_PRODUCTS_DIR)/Typst.app/$(BUNDLE_EXECUTABLE_FOLDER_PATH)/Typst";
			};
			name = Debug;
		};
		3FA38D0529CB16AC004E319B /* Release */ = {
			isa = XCBuildConfiguration;
			buildSettings = {
				ALWAYS_EMBED_SWIFT_STANDARD_LIBRARIES = YES;
				BUNDLE_LOADER = "$(TEST_HOST)";
				CODE_SIGN_STYLE = Automatic;
				CURRENT_PROJECT_VERSION = 1;
				DEVELOPMENT_TEAM = 72ZL2MVL6C;
				GENERATE_INFOPLIST_FILE = YES;
				MACOSX_DEPLOYMENT_TARGET = 13.1;
				MARKETING_VERSION = 1.0;
				PRODUCT_BUNDLE_IDENTIFIER = com.rutins.TypstTests;
				PRODUCT_NAME = "$(TARGET_NAME)";
				SWIFT_EMIT_LOC_STRINGS = NO;
				SWIFT_VERSION = 5.0;
				TEST_HOST = "$(BUILT_PRODUCTS_DIR)/Typst.app/$(BUNDLE_EXECUTABLE_FOLDER_PATH)/Typst";
			};
			name = Release;
		};
		3FA38D0729CB16AC004E319B /* Debug */ = {
			isa = XCBuildConfiguration;
			buildSettings = {
				ALWAYS_EMBED_SWIFT_STANDARD_LIBRARIES = YES;
				CODE_SIGN_STYLE = Automatic;
				CURRENT_PROJECT_VERSION = 1;
				DEVELOPMENT_TEAM = 72ZL2MVL6C;
				GENERATE_INFOPLIST_FILE = YES;
				MARKETING_VERSION = 1.0;
				PRODUCT_BUNDLE_IDENTIFIER = com.rutins.TypstUITests;
				PRODUCT_NAME = "$(TARGET_NAME)";
				SWIFT_EMIT_LOC_STRINGS = NO;
				SWIFT_VERSION = 5.0;
				TEST_TARGET_NAME = Typst;
			};
			name = Debug;
		};
		3FA38D0829CB16AC004E319B /* Release */ = {
			isa = XCBuildConfiguration;
			buildSettings = {
				ALWAYS_EMBED_SWIFT_STANDARD_LIBRARIES = YES;
				CODE_SIGN_STYLE = Automatic;
				CURRENT_PROJECT_VERSION = 1;
				DEVELOPMENT_TEAM = 72ZL2MVL6C;
				GENERATE_INFOPLIST_FILE = YES;
				MARKETING_VERSION = 1.0;
				PRODUCT_BUNDLE_IDENTIFIER = com.rutins.TypstUITests;
				PRODUCT_NAME = "$(TARGET_NAME)";
				SWIFT_EMIT_LOC_STRINGS = NO;
				SWIFT_VERSION = 5.0;
				TEST_TARGET_NAME = Typst;
			};
			name = Release;
		};
/* End XCBuildConfiguration section */

/* Begin XCConfigurationList section */
		3FA38CD629CB16AA004E319B /* Build configuration list for PBXProject "Typst" */ = {
			isa = XCConfigurationList;
			buildConfigurations = (
				3FA38CFE29CB16AC004E319B /* Debug */,
				3FA38CFF29CB16AC004E319B /* Release */,
			);
			defaultConfigurationIsVisible = 0;
			defaultConfigurationName = Release;
		};
		3FA38D0029CB16AC004E319B /* Build configuration list for PBXNativeTarget "Typst" */ = {
			isa = XCConfigurationList;
			buildConfigurations = (
				3FA38D0129CB16AC004E319B /* Debug */,
				3FA38D0229CB16AC004E319B /* Release */,
			);
			defaultConfigurationIsVisible = 0;
			defaultConfigurationName = Release;
		};
		3FA38D0329CB16AC004E319B /* Build configuration list for PBXNativeTarget "TypstTests" */ = {
			isa = XCConfigurationList;
			buildConfigurations = (
				3FA38D0429CB16AC004E319B /* Debug */,
				3FA38D0529CB16AC004E319B /* Release */,
			);
			defaultConfigurationIsVisible = 0;
			defaultConfigurationName = Release;
		};
		3FA38D0629CB16AC004E319B /* Build configuration list for PBXNativeTarget "TypstUITests" */ = {
			isa = XCConfigurationList;
			buildConfigurations = (
				3FA38D0729CB16AC004E319B /* Debug */,
				3FA38D0829CB16AC004E319B /* Release */,
			);
			defaultConfigurationIsVisible = 0;
			defaultConfigurationName = Release;
		};
/* End XCConfigurationList section */
	};
	rootObject = 3FA38CD329CB16AA004E319B /* Project object */;
}
